// !$*UTF8*$!
{
	archiveVersion = 1;
	classes = {
	};
	objectVersion = 55;
	objects = {

/* Begin PBXBuildFile section */
		465988AD291EA175002FBC26 /* LiveTextViewController.swift in Sources */ = {isa = PBXBuildFile; fileRef = 465988AC291EA175002FBC26 /* LiveTextViewController.swift */; };
		46A1F9DF291555F200EE64F8 /* AppDelegate.swift in Sources */ = {isa = PBXBuildFile; fileRef = 46A1F9DE291555F200EE64F8 /* AppDelegate.swift */; };
		46A1F9E1291555F200EE64F8 /* SceneDelegate.swift in Sources */ = {isa = PBXBuildFile; fileRef = 46A1F9E0291555F200EE64F8 /* SceneDelegate.swift */; };
		46A1F9E3291555F200EE64F8 /* ViewController.swift in Sources */ = {isa = PBXBuildFile; fileRef = 46A1F9E2291555F200EE64F8 /* ViewController.swift */; };
		46A1F9E6291555F200EE64F8 /* Main.storyboard in Resources */ = {isa = PBXBuildFile; fileRef = 46A1F9E4291555F200EE64F8 /* Main.storyboard */; };
		46A1F9E8291555F400EE64F8 /* Assets.xcassets in Resources */ = {isa = PBXBuildFile; fileRef = 46A1F9E7291555F400EE64F8 /* Assets.xcassets */; };
		46A1F9EB291555F400EE64F8 /* LaunchScreen.storyboard in Resources */ = {isa = PBXBuildFile; fileRef = 46A1F9E9291555F400EE64F8 /* LaunchScreen.storyboard */; };
		46A1F9F6291555F400EE64F8 /* VisionKitDemoTests.swift in Sources */ = {isa = PBXBuildFile; fileRef = 46A1F9F5291555F400EE64F8 /* VisionKitDemoTests.swift */; };
		46A1FA00291555F400EE64F8 /* VisionKitDemoUITests.swift in Sources */ = {isa = PBXBuildFile; fileRef = 46A1F9FF291555F400EE64F8 /* VisionKitDemoUITests.swift */; };
		46A1FA02291555F400EE64F8 /* VisionKitDemoUITestsLaunchTests.swift in Sources */ = {isa = PBXBuildFile; fileRef = 46A1FA01291555F400EE64F8 /* VisionKitDemoUITestsLaunchTests.swift */; };
/* End PBXBuildFile section */

/* Begin PBXContainerItemProxy section */
		46A1F9F2291555F400EE64F8 /* PBXContainerItemProxy */ = {
			isa = PBXContainerItemProxy;
			containerPortal = 46A1F9D3291555F200EE64F8 /* Project object */;
			proxyType = 1;
			remoteGlobalIDString = 46A1F9DA291555F200EE64F8;
			remoteInfo = VisionKitDemo;
		};
		46A1F9FC291555F400EE64F8 /* PBXContainerItemProxy */ = {
			isa = PBXContainerItemProxy;
			containerPortal = 46A1F9D3291555F200EE64F8 /* Project object */;
			proxyType = 1;
			remoteGlobalIDString = 46A1F9DA291555F200EE64F8;
			remoteInfo = VisionKitDemo;
		};
/* End PBXContainerItemProxy section */

/* Begin PBXFileReference section */
		465988AC291EA175002FBC26 /* LiveTextViewController.swift */ = {isa = PBXFileReference; lastKnownFileType = sourcecode.swift; path = LiveTextViewController.swift; sourceTree = "<group>"; };
		46A1F9DB291555F200EE64F8 /* VisionKitDemo.app */ = {isa = PBXFileReference; explicitFileType = wrapper.application; includeInIndex = 0; path = VisionKitDemo.app; sourceTree = BUILT_PRODUCTS_DIR; };
		46A1F9DE291555F200EE64F8 /* AppDelegate.swift */ = {isa = PBXFileReference; lastKnownFileType = sourcecode.swift; path = AppDelegate.swift; sourceTree = "<group>"; };
		46A1F9E0291555F200EE64F8 /* SceneDelegate.swift */ = {isa = PBXFileReference; lastKnownFileType = sourcecode.swift; path = SceneDelegate.swift; sourceTree = "<group>"; };
		46A1F9E2291555F200EE64F8 /* ViewController.swift */ = {isa = PBXFileReference; lastKnownFileType = sourcecode.swift; path = ViewController.swift; sourceTree = "<group>"; };
		46A1F9E5291555F200EE64F8 /* Base */ = {isa = PBXFileReference; lastKnownFileType = file.storyboard; name = Base; path = Base.lproj/Main.storyboard; sourceTree = "<group>"; };
		46A1F9E7291555F400EE64F8 /* Assets.xcassets */ = {isa = PBXFileReference; lastKnownFileType = folder.assetcatalog; path = Assets.xcassets; sourceTree = "<group>"; };
		46A1F9EA291555F400EE64F8 /* Base */ = {isa = PBXFileReference; lastKnownFileType = file.storyboard; name = Base; path = Base.lproj/LaunchScreen.storyboard; sourceTree = "<group>"; };
		46A1F9EC291555F400EE64F8 /* Info.plist */ = {isa = PBXFileReference; lastKnownFileType = text.plist.xml; path = Info.plist; sourceTree = "<group>"; };
		46A1F9F1291555F400EE64F8 /* VisionKitDemoTests.xctest */ = {isa = PBXFileReference; explicitFileType = wrapper.cfbundle; includeInIndex = 0; path = VisionKitDemoTests.xctest; sourceTree = BUILT_PRODUCTS_DIR; };
		46A1F9F5291555F400EE64F8 /* VisionKitDemoTests.swift */ = {isa = PBXFileReference; lastKnownFileType = sourcecode.swift; path = VisionKitDemoTests.swift; sourceTree = "<group>"; };
		46A1F9FB291555F400EE64F8 /* VisionKitDemoUITests.xctest */ = {isa = PBXFileReference; explicitFileType = wrapper.cfbundle; includeInIndex = 0; path = VisionKitDemoUITests.xctest; sourceTree = BUILT_PRODUCTS_DIR; };
		46A1F9FF291555F400EE64F8 /* VisionKitDemoUITests.swift */ = {isa = PBXFileReference; lastKnownFileType = sourcecode.swift; path = VisionKitDemoUITests.swift; sourceTree = "<group>"; };
		46A1FA01291555F400EE64F8 /* VisionKitDemoUITestsLaunchTests.swift */ = {isa = PBXFileReference; lastKnownFileType = sourcecode.swift; path = VisionKitDemoUITestsLaunchTests.swift; sourceTree = "<group>"; };
/* End PBXFileReference section */

/* Begin PBXFrameworksBuildPhase section */
		46A1F9D8291555F200EE64F8 /* Frameworks */ = {
			isa = PBXFrameworksBuildPhase;
			buildActionMask = 2147483647;
			files = (
			);
			runOnlyForDeploymentPostprocessing = 0;
		};
		46A1F9EE291555F400EE64F8 /* Frameworks */ = {
			isa = PBXFrameworksBuildPhase;
			buildActionMask = 2147483647;
			files = (
			);
			runOnlyForDeploymentPostprocessing = 0;
		};
		46A1F9F8291555F400EE64F8 /* Frameworks */ = {
			isa = PBXFrameworksBuildPhase;
			buildActionMask = 2147483647;
			files = (
			);
			runOnlyForDeploymentPostprocessing = 0;
		};
/* End PBXFrameworksBuildPhase section */

/* Begin PBXGroup section */
		46A1F9D2291555F200EE64F8 = {
			isa = PBXGroup;
			children = (
				46A1F9DD291555F200EE64F8 /* VisionKitDemo */,
				46A1F9F4291555F400EE64F8 /* VisionKitDemoTests */,
				46A1F9FE291555F400EE64F8 /* VisionKitDemoUITests */,
				46A1F9DC291555F200EE64F8 /* Products */,
			);
			sourceTree = "<group>";
		};
		46A1F9DC291555F200EE64F8 /* Products */ = {
			isa = PBXGroup;
			children = (
				46A1F9DB291555F200EE64F8 /* VisionKitDemo.app */,
				46A1F9F1291555F400EE64F8 /* VisionKitDemoTests.xctest */,
				46A1F9FB291555F400EE64F8 /* VisionKitDemoUITests.xctest */,
			);
			name = Products;
			sourceTree = "<group>";
		};
		46A1F9DD291555F200EE64F8 /* VisionKitDemo */ = {
			isa = PBXGroup;
			children = (
				46A1F9DE291555F200EE64F8 /* AppDelegate.swift */,
				46A1F9E0291555F200EE64F8 /* SceneDelegate.swift */,
				46A1F9E2291555F200EE64F8 /* ViewController.swift */,
				465988AC291EA175002FBC26 /* LiveTextViewController.swift */,
				46A1F9E4291555F200EE64F8 /* Main.storyboard */,
				46A1F9E7291555F400EE64F8 /* Assets.xcassets */,
				46A1F9E9291555F400EE64F8 /* LaunchScreen.storyboard */,
				46A1F9EC291555F400EE64F8 /* Info.plist */,
			);
			path = VisionKitDemo;
			sourceTree = "<group>";
		};
		46A1F9F4291555F400EE64F8 /* VisionKitDemoTests */ = {
			isa = PBXGroup;
			children = (
				46A1F9F5291555F400EE64F8 /* VisionKitDemoTests.swift */,
			);
			path = VisionKitDemoTests;
			sourceTree = "<group>";
		};
		46A1F9FE291555F400EE64F8 /* VisionKitDemoUITests */ = {
			isa = PBXGroup;
			children = (
				46A1F9FF291555F400EE64F8 /* VisionKitDemoUITests.swift */,
				46A1FA01291555F400EE64F8 /* VisionKitDemoUITestsLaunchTests.swift */,
			);
			path = VisionKitDemoUITests;
			sourceTree = "<group>";
		};
/* End PBXGroup section */

/* Begin PBXNativeTarget section */
		46A1F9DA291555F200EE64F8 /* VisionKitDemo */ = {
			isa = PBXNativeTarget;
			buildConfigurationList = 46A1FA05291555F400EE64F8 /* Build configuration list for PBXNativeTarget "VisionKitDemo" */;
			buildPhases = (
				46A1F9D7291555F200EE64F8 /* Sources */,
				46A1F9D8291555F200EE64F8 /* Frameworks */,
				46A1F9D9291555F200EE64F8 /* Resources */,
			);
			buildRules = (
			);
			dependencies = (
			);
			name = VisionKitDemo;
			productName = VisionKitDemo;
			productReference = 46A1F9DB291555F200EE64F8 /* VisionKitDemo.app */;
			productType = "com.apple.product-type.application";
		};
		46A1F9F0291555F400EE64F8 /* VisionKitDemoTests */ = {
			isa = PBXNativeTarget;
			buildConfigurationList = 46A1FA08291555F400EE64F8 /* Build configuration list for PBXNativeTarget "VisionKitDemoTests" */;
			buildPhases = (
				46A1F9ED291555F400EE64F8 /* Sources */,
				46A1F9EE291555F400EE64F8 /* Frameworks */,
				46A1F9EF291555F400EE64F8 /* Resources */,
			);
			buildRules = (
			);
			dependencies = (
				46A1F9F3291555F400EE64F8 /* PBXTargetDependency */,
			);
			name = VisionKitDemoTests;
			productName = VisionKitDemoTests;
			productReference = 46A1F9F1291555F400EE64F8 /* VisionKitDemoTests.xctest */;
			productType = "com.apple.product-type.bundle.unit-test";
		};
		46A1F9FA291555F400EE64F8 /* VisionKitDemoUITests */ = {
			isa = PBXNativeTarget;
			buildConfigurationList = 46A1FA0B291555F400EE64F8 /* Build configuration list for PBXNativeTarget "VisionKitDemoUITests" */;
			buildPhases = (
				46A1F9F7291555F400EE64F8 /* Sources */,
				46A1F9F8291555F400EE64F8 /* Frameworks */,
				46A1F9F9291555F400EE64F8 /* Resources */,
			);
			buildRules = (
			);
			dependencies = (
				46A1F9FD291555F400EE64F8 /* PBXTargetDependency */,
			);
			name = VisionKitDemoUITests;
			productName = VisionKitDemoUITests;
			productReference = 46A1F9FB291555F400EE64F8 /* VisionKitDemoUITests.xctest */;
			productType = "com.apple.product-type.bundle.ui-testing";
		};
/* End PBXNativeTarget section */

/* Begin PBXProject section */
		46A1F9D3291555F200EE64F8 /* Project object */ = {
			isa = PBXProject;
			attributes = {
				BuildIndependentTargetsInParallel = 1;
				LastSwiftUpdateCheck = 1310;
				LastUpgradeCheck = 1310;
				TargetAttributes = {
					46A1F9DA291555F200EE64F8 = {
						CreatedOnToolsVersion = 13.1;
					};
					46A1F9F0291555F400EE64F8 = {
						CreatedOnToolsVersion = 13.1;
						TestTargetID = 46A1F9DA291555F200EE64F8;
					};
					46A1F9FA291555F400EE64F8 = {
						CreatedOnToolsVersion = 13.1;
						TestTargetID = 46A1F9DA291555F200EE64F8;
					};
				};
			};
			buildConfigurationList = 46A1F9D6291555F200EE64F8 /* Build configuration list for PBXProject "VisionKitDemo" */;
			compatibilityVersion = "Xcode 13.0";
			developmentRegion = en;
			hasScannedForEncodings = 0;
			knownRegions = (
				en,
				Base,
			);
			mainGroup = 46A1F9D2291555F200EE64F8;
			productRefGroup = 46A1F9DC291555F200EE64F8 /* Products */;
			projectDirPath = "";
			projectRoot = "";
			targets = (
				46A1F9DA291555F200EE64F8 /* VisionKitDemo */,
				46A1F9F0291555F400EE64F8 /* VisionKitDemoTests */,
				46A1F9FA291555F400EE64F8 /* VisionKitDemoUITests */,
			);
		};
/* End PBXProject section */

/* Begin PBXResourcesBuildPhase section */
		46A1F9D9291555F200EE64F8 /* Resources */ = {
			isa = PBXResourcesBuildPhase;
			buildActionMask = 2147483647;
			files = (
				46A1F9EB291555F400EE64F8 /* LaunchScreen.storyboard in Resources */,
				46A1F9E8291555F400EE64F8 /* Assets.xcassets in Resources */,
				46A1F9E6291555F200EE64F8 /* Main.storyboard in Resources */,
			);
			runOnlyForDeploymentPostprocessing = 0;
		};
		46A1F9EF291555F400EE64F8 /* Resources */ = {
			isa = PBXResourcesBuildPhase;
			buildActionMask = 2147483647;
			files = (
			);
			runOnlyForDeploymentPostprocessing = 0;
		};
		46A1F9F9291555F400EE64F8 /* Resources */ = {
			isa = PBXResourcesBuildPhase;
			buildActionMask = 2147483647;
			files = (
			);
			runOnlyForDeploymentPostprocessing = 0;
		};
/* End PBXResourcesBuildPhase section */

/* Begin PBXSourcesBuildPhase section */
		46A1F9D7291555F200EE64F8 /* Sources */ = {
			isa = PBXSourcesBuildPhase;
			buildActionMask = 2147483647;
			files = (
				46A1F9E3291555F200EE64F8 /* ViewController.swift in Sources */,
				46A1F9DF291555F200EE64F8 /* AppDelegate.swift in Sources */,
				46A1F9E1291555F200EE64F8 /* SceneDelegate.swift in Sources */,
				465988AD291EA175002FBC26 /* LiveTextViewController.swift in Sources */,
			);
			runOnlyForDeploymentPostprocessing = 0;
		};
		46A1F9ED291555F400EE64F8 /* Sources */ = {
			isa = PBXSourcesBuildPhase;
			buildActionMask = 2147483647;
			files = (
				46A1F9F6291555F400EE64F8 /* VisionKitDemoTests.swift in Sources */,
			);
			runOnlyForDeploymentPostprocessing = 0;
		};
		46A1F9F7291555F400EE64F8 /* Sources */ = {
			isa = PBXSourcesBuildPhase;
			buildActionMask = 2147483647;
			files = (
				46A1FA02291555F400EE64F8 /* VisionKitDemoUITestsLaunchTests.swift in Sources */,
				46A1FA00291555F400EE64F8 /* VisionKitDemoUITests.swift in Sources */,
			);
			runOnlyForDeploymentPostprocessing = 0;
		};
/* End PBXSourcesBuildPhase section */

/* Begin PBXTargetDependency section */
		46A1F9F3291555F400EE64F8 /* PBXTargetDependency */ = {
			isa = PBXTargetDependency;
			target = 46A1F9DA291555F200EE64F8 /* VisionKitDemo */;
			targetProxy = 46A1F9F2291555F400EE64F8 /* PBXContainerItemProxy */;
		};
		46A1F9FD291555F400EE64F8 /* PBXTargetDependency */ = {
			isa = PBXTargetDependency;
			target = 46A1F9DA291555F200EE64F8 /* VisionKitDemo */;
			targetProxy = 46A1F9FC291555F400EE64F8 /* PBXContainerItemProxy */;
		};
/* End PBXTargetDependency section */

/* Begin PBXVariantGroup section */
		46A1F9E4291555F200EE64F8 /* Main.storyboard */ = {
			isa = PBXVariantGroup;
			children = (
				46A1F9E5291555F200EE64F8 /* Base */,
			);
			name = Main.storyboard;
			sourceTree = "<group>";
		};
		46A1F9E9291555F400EE64F8 /* LaunchScreen.storyboard */ = {
			isa = PBXVariantGroup;
			children = (
				46A1F9EA291555F400EE64F8 /* Base */,
			);
			name = LaunchScreen.storyboard;
			sourceTree = "<group>";
		};
/* End PBXVariantGroup section */

/* Begin XCBuildConfiguration section */
		46A1FA03291555F400EE64F8 /* Debug */ = {
			isa = XCBuildConfiguration;
			buildSettings = {
				ALWAYS_SEARCH_USER_PATHS = NO;
				CLANG_ANALYZER_NONNULL = YES;
				CLANG_ANALYZER_NUMBER_OBJECT_CONVERSION = YES_AGGRESSIVE;
				CLANG_CXX_LANGUAGE_STANDARD = "gnu++17";
				CLANG_CXX_LIBRARY = "libc++";
				CLANG_ENABLE_MODULES = YES;
				CLANG_ENABLE_OBJC_ARC = YES;
				CLANG_ENABLE_OBJC_WEAK = YES;
				CLANG_WARN_BLOCK_CAPTURE_AUTORELEASING = YES;
				CLANG_WARN_BOOL_CONVERSION = YES;
				CLANG_WARN_COMMA = YES;
				CLANG_WARN_CONSTANT_CONVERSION = YES;
				CLANG_WARN_DEPRECATED_OBJC_IMPLEMENTATIONS = YES;
				CLANG_WARN_DIRECT_OBJC_ISA_USAGE = YES_ERROR;
				CLANG_WARN_DOCUMENTATION_COMMENTS = YES;
				CLANG_WARN_EMPTY_BODY = YES;
				CLANG_WARN_ENUM_CONVERSION = YES;
				CLANG_WARN_INFINITE_RECURSION = YES;
				CLANG_WARN_INT_CONVERSION = YES;
				CLANG_WARN_NON_LITERAL_NULL_CONVERSION = YES;
				CLANG_WARN_OBJC_IMPLICIT_RETAIN_SELF = YES;
				CLANG_WARN_OBJC_LITERAL_CONVERSION = YES;
				CLANG_WARN_OBJC_ROOT_CLASS = YES_ERROR;
				CLANG_WARN_QUOTED_INCLUDE_IN_FRAMEWORK_HEADER = YES;
				CLANG_WARN_RANGE_LOOP_ANALYSIS = YES;
				CLANG_WARN_STRICT_PROTOTYPES = YES;
				CLANG_WARN_SUSPICIOUS_MOVE = YES;
				CLANG_WARN_UNGUARDED_AVAILABILITY = YES_AGGRESSIVE;
				CLANG_WARN_UNREACHABLE_CODE = YES;
				CLANG_WARN__DUPLICATE_METHOD_MATCH = YES;
				COPY_PHASE_STRIP = NO;
				DEBUG_INFORMATION_FORMAT = dwarf;
				ENABLE_STRICT_OBJC_MSGSEND = YES;
				ENABLE_TESTABILITY = YES;
				GCC_C_LANGUAGE_STANDARD = gnu11;
				GCC_DYNAMIC_NO_PIC = NO;
				GCC_NO_COMMON_BLOCKS = YES;
				GCC_OPTIMIZATION_LEVEL = 0;
				GCC_PREPROCESSOR_DEFINITIONS = (
					"DEBUG=1",
					"$(inherited)",
				);
				GCC_WARN_64_TO_32_BIT_CONVERSION = YES;
				GCC_WARN_ABOUT_RETURN_TYPE = YES_ERROR;
				GCC_WARN_UNDECLARED_SELECTOR = YES;
				GCC_WARN_UNINITIALIZED_AUTOS = YES_AGGRESSIVE;
				GCC_WARN_UNUSED_FUNCTION = YES;
				GCC_WARN_UNUSED_VARIABLE = YES;
				IPHONEOS_DEPLOYMENT_TARGET = 15.0;
				MTL_ENABLE_DEBUG_INFO = INCLUDE_SOURCE;
				MTL_FAST_MATH = YES;
				ONLY_ACTIVE_ARCH = YES;
				SDKROOT = iphoneos;
				SWIFT_ACTIVE_COMPILATION_CONDITIONS = DEBUG;
				SWIFT_OPTIMIZATION_LEVEL = "-Onone";
			};
			name = Debug;
		};
		46A1FA04291555F400EE64F8 /* Release */ = {
			isa = XCBuildConfiguration;
			buildSettings = {
				ALWAYS_SEARCH_USER_PATHS = NO;
				CLANG_ANALYZER_NONNULL = YES;
				CLANG_ANALYZER_NUMBER_OBJECT_CONVERSION = YES_AGGRESSIVE;
				CLANG_CXX_LANGUAGE_STANDARD = "gnu++17";
				CLANG_CXX_LIBRARY = "libc++";
				CLANG_ENABLE_MODULES = YES;
				CLANG_ENABLE_OBJC_ARC = YES;
				CLANG_ENABLE_OBJC_WEAK = YES;
				CLANG_WARN_BLOCK_CAPTURE_AUTORELEASING = YES;
				CLANG_WARN_BOOL_CONVERSION = YES;
				CLANG_WARN_COMMA = YES;
				CLANG_WARN_CONSTANT_CONVERSION = YES;
				CLANG_WARN_DEPRECATED_OBJC_IMPLEMENTATIONS = YES;
				CLANG_WARN_DIRECT_OBJC_ISA_USAGE = YES_ERROR;
				CLANG_WARN_DOCUMENTATION_COMMENTS = YES;
				CLANG_WARN_EMPTY_BODY = YES;
				CLANG_WARN_ENUM_CONVERSION = YES;
				CLANG_WARN_INFINITE_RECURSION = YES;
				CLANG_WARN_INT_CONVERSION = YES;
				CLANG_WARN_NON_LITERAL_NULL_CONVERSION = YES;
				CLANG_WARN_OBJC_IMPLICIT_RETAIN_SELF = YES;
				CLANG_WARN_OBJC_LITERAL_CONVERSION = YES;
				CLANG_WARN_OBJC_ROOT_CLASS = YES_ERROR;
				CLANG_WARN_QUOTED_INCLUDE_IN_FRAMEWORK_HEADER = YES;
				CLANG_WARN_RANGE_LOOP_ANALYSIS = YES;
				CLANG_WARN_STRICT_PROTOTYPES = YES;
				CLANG_WARN_SUSPICIOUS_MOVE = YES;
				CLANG_WARN_UNGUARDED_AVAILABILITY = YES_AGGRESSIVE;
				CLANG_WARN_UNREACHABLE_CODE = YES;
				CLANG_WARN__DUPLICATE_METHOD_MATCH = YES;
				COPY_PHASE_STRIP = NO;
				DEBUG_INFORMATION_FORMAT = "dwarf-with-dsym";
				ENABLE_NS_ASSERTIONS = NO;
				ENABLE_STRICT_OBJC_MSGSEND = YES;
				GCC_C_LANGUAGE_STANDARD = gnu11;
				GCC_NO_COMMON_BLOCKS = YES;
				GCC_WARN_64_TO_32_BIT_CONVERSION = YES;
				GCC_WARN_ABOUT_RETURN_TYPE = YES_ERROR;
				GCC_WARN_UNDECLARED_SELECTOR = YES;
				GCC_WARN_UNINITIALIZED_AUTOS = YES_AGGRESSIVE;
				GCC_WARN_UNUSED_FUNCTION = YES;
				GCC_WARN_UNUSED_VARIABLE = YES;
				IPHONEOS_DEPLOYMENT_TARGET = 15.0;
				MTL_ENABLE_DEBUG_INFO = NO;
				MTL_FAST_MATH = YES;
				SDKROOT = iphoneos;
				SWIFT_COMPILATION_MODE = wholemodule;
				SWIFT_OPTIMIZATION_LEVEL = "-O";
				VALIDATE_PRODUCT = YES;
			};
			name = Release;
		};
		46A1FA06291555F400EE64F8 /* Debug */ = {
			isa = XCBuildConfiguration;
			buildSettings = {
				ASSETCATALOG_COMPILER_APPICON_NAME = AppIcon;
				ASSETCATALOG_COMPILER_GLOBAL_ACCENT_COLOR_NAME = AccentColor;
				CODE_SIGN_STYLE = Automatic;
				CURRENT_PROJECT_VERSION = 1;
				DEVELOPMENT_TEAM = VG9R2N57GC;
				GENERATE_INFOPLIST_FILE = YES;
				INFOPLIST_FILE = VisionKitDemo/Info.plist;
				INFOPLIST_KEY_NSCameraUsageDescription = "Access camera for scanning documents";
				INFOPLIST_KEY_UIApplicationSupportsIndirectInputEvents = YES;
				INFOPLIST_KEY_UILaunchStoryboardName = LaunchScreen;
				INFOPLIST_KEY_UIMainStoryboardFile = Main;
				INFOPLIST_KEY_UISupportedInterfaceOrientations_iPad = "UIInterfaceOrientationPortrait UIInterfaceOrientationPortraitUpsideDown UIInterfaceOrientationLandscapeLeft UIInterfaceOrientationLandscapeRight";
				INFOPLIST_KEY_UISupportedInterfaceOrientations_iPhone = "UIInterfaceOrientationPortrait UIInterfaceOrientationLandscapeLeft UIInterfaceOrientationLandscapeRight";
				LD_RUNPATH_SEARCH_PATHS = (
					"$(inherited)",
					"@executable_path/Frameworks",
				);
				MARKETING_VERSION = 1.0;
				PRODUCT_BUNDLE_IDENTIFIER = com.raynellealphonso.test.VisionKitDemo;
				PRODUCT_NAME = "$(TARGET_NAME)";
				SWIFT_EMIT_LOC_STRINGS = YES;
				SWIFT_VERSION = 5.0;
				TARGETED_DEVICE_FAMILY = "1,2";
			};
			name = Debug;
		};
		46A1FA07291555F400EE64F8 /* Release */ = {
			isa = XCBuildConfiguration;
			buildSettings = {
				ASSETCATALOG_COMPILER_APPICON_NAME = AppIcon;
				ASSETCATALOG_COMPILER_GLOBAL_ACCENT_COLOR_NAME = AccentColor;
				CODE_SIGN_STYLE = Automatic;
				CURRENT_PROJECT_VERSION = 1;
				DEVELOPMENT_TEAM = VG9R2N57GC;
				GENERATE_INFOPLIST_FILE = YES;
				INFOPLIST_FILE = VisionKitDemo/Info.plist;
				INFOPLIST_KEY_NSCameraUsageDescription = "Access camera for scanning documents";
				INFOPLIST_KEY_UIApplicationSupportsIndirectInputEvents = YES;
				INFOPLIST_KEY_UILaunchStoryboardName = LaunchScreen;
				INFOPLIST_KEY_UIMainStoryboardFile = Main;
				INFOPLIST_KEY_UISupportedInterfaceOrientations_iPad = "UIInterfaceOrientationPortrait UIInterfaceOrientationPortraitUpsideDown UIInterfaceOrientationLandscapeLeft UIInterfaceOrientationLandscapeRight";
				INFOPLIST_KEY_UISupportedInterfaceOrientations_iPhone = "UIInterfaceOrientationPortrait UIInterfaceOrientationLandscapeLeft UIInterfaceOrientationLandscapeRight";
				LD_RUNPATH_SEARCH_PATHS = (
					"$(inherited)",
					"@executable_path/Frameworks",
				);
				MARKETING_VERSION = 1.0;
				PRODUCT_BUNDLE_IDENTIFIER = com.raynellealphonso.test.VisionKitDemo;
				PRODUCT_NAME = "$(TARGET_NAME)";
				SWIFT_EMIT_LOC_STRINGS = YES;
				SWIFT_VERSION = 5.0;
				TARGETED_DEVICE_FAMILY = "1,2";
			};
			name = Release;
		};
		46A1FA09291555F400EE64F8 /* Debug */ = {
			isa = XCBuildConfiguration;
			buildSettings = {
				ALWAYS_EMBED_SWIFT_STANDARD_LIBRARIES = YES;
				BUNDLE_LOADER = "$(TEST_HOST)";
				CODE_SIGN_STYLE = Automatic;
				CURRENT_PROJECT_VERSION = 1;
				DEVELOPMENT_TEAM = VG9R2N57GC;
				GENERATE_INFOPLIST_FILE = YES;
				IPHONEOS_DEPLOYMENT_TARGET = 15.0;
				LD_RUNPATH_SEARCH_PATHS = (
					"$(inherited)",
					"@executable_path/Frameworks",
					"@loader_path/Frameworks",
				);
				MARKETING_VERSION = 1.0;
				PRODUCT_BUNDLE_IDENTIFIER = com.raynellealphonso.test.VisionKitDemoTests;
				PRODUCT_NAME = "$(TARGET_NAME)";
				SWIFT_EMIT_LOC_STRINGS = NO;
				SWIFT_VERSION = 5.0;
				TARGETED_DEVICE_FAMILY = "1,2";
				TEST_HOST = "$(BUILT_PRODUCTS_DIR)/VisionKitDemo.app/VisionKitDemo";
			};
			name = Debug;
		};
		46A1FA0A291555F400EE64F8 /* Release */ = {
			isa = XCBuildConfiguration;
			buildSettings = {
				ALWAYS_EMBED_SWIFT_STANDARD_LIBRARIES = YES;
				BUNDLE_LOADER = "$(TEST_HOST)";
				CODE_SIGN_STYLE = Automatic;
				CURRENT_PROJECT_VERSION = 1;
				DEVELOPMENT_TEAM = VG9R2N57GC;
				GENERATE_INFOPLIST_FILE = YES;
				IPHONEOS_DEPLOYMENT_TARGET = 15.0;
				LD_RUNPATH_SEARCH_PATHS = (
					"$(inherited)",
					"@executable_path/Frameworks",
					"@loader_path/Frameworks",
				);
				MARKETING_VERSION = 1.0;
				PRODUCT_BUNDLE_IDENTIFIER = com.raynellealphonso.test.VisionKitDemoTests;
				PRODUCT_NAME = "$(TARGET_NAME)";
				SWIFT_EMIT_LOC_STRINGS = NO;
				SWIFT_VERSION = 5.0;
				TARGETED_DEVICE_FAMILY = "1,2";
				TEST_HOST = "$(BUILT_PRODUCTS_DIR)/VisionKitDemo.app/VisionKitDemo";
			};
			name = Release;
		};
		46A1FA0C291555F400EE64F8 /* Debug */ = {
			isa = XCBuildConfiguration;
			buildSettings = {
				ALWAYS_EMBED_SWIFT_STANDARD_LIBRARIES = YES;
				CODE_SIGN_STYLE = Automatic;
				CURRENT_PROJECT_VERSION = 1;
				DEVELOPMENT_TEAM = VG9R2N57GC;
				GENERATE_INFOPLIST_FILE = YES;
				LD_RUNPATH_SEARCH_PATHS = (
					"$(inherited)",
					"@executable_path/Frameworks",
					"@loader_path/Frameworks",
				);
				MARKETING_VERSION = 1.0;
				PRODUCT_BUNDLE_IDENTIFIER = com.raynellealphonso.test.VisionKitDemoUITests;
				PRODUCT_NAME = "$(TARGET_NAME)";
				SWIFT_EMIT_LOC_STRINGS = NO;
				SWIFT_VERSION = 5.0;
				TARGETED_DEVICE_FAMILY = "1,2";
				TEST_TARGET_NAME = VisionKitDemo;
			};
			name = Debug;
		};
		46A1FA0D291555F400EE64F8 /* Release */ = {
			isa = XCBuildConfiguration;
			buildSettings = {
				ALWAYS_EMBED_SWIFT_STANDARD_LIBRARIES = YES;
				CODE_SIGN_STYLE = Automatic;
				CURRENT_PROJECT_VERSION = 1;
				DEVELOPMENT_TEAM = VG9R2N57GC;
				GENERATE_INFOPLIST_FILE = YES;
				LD_RUNPATH_SEARCH_PATHS = (
					"$(inherited)",
					"@executable_path/Frameworks",
					"@loader_path/Frameworks",
				);
				MARKETING_VERSION = 1.0;
				PRODUCT_BUNDLE_IDENTIFIER = com.raynellealphonso.test.VisionKitDemoUITests;
				PRODUCT_NAME = "$(TARGET_NAME)";
				SWIFT_EMIT_LOC_STRINGS = NO;
				SWIFT_VERSION = 5.0;
				TARGETED_DEVICE_FAMILY = "1,2";
				TEST_TARGET_NAME = VisionKitDemo;
			};
			name = Release;
		};
/* End XCBuildConfiguration section */

/* Begin XCConfigurationList section */
		46A1F9D6291555F200EE64F8 /* Build configuration list for PBXProject "VisionKitDemo" */ = {
			isa = XCConfigurationList;
			buildConfigurations = (
				46A1FA03291555F400EE64F8 /* Debug */,
				46A1FA04291555F400EE64F8 /* Release */,
			);
			defaultConfigurationIsVisible = 0;
			defaultConfigurationName = Release;
		};
		46A1FA05291555F400EE64F8 /* Build configuration list for PBXNativeTarget "VisionKitDemo" */ = {
			isa = XCConfigurationList;
			buildConfigurations = (
				46A1FA06291555F400EE64F8 /* Debug */,
				46A1FA07291555F400EE64F8 /* Release */,
			);
			defaultConfigurationIsVisible = 0;
			defaultConfigurationName = Release;
		};
		46A1FA08291555F400EE64F8 /* Build configuration list for PBXNativeTarget "VisionKitDemoTests" */ = {
			isa = XCConfigurationList;
			buildConfigurations = (
				46A1FA09291555F400EE64F8 /* Debug */,
				46A1FA0A291555F400EE64F8 /* Release */,
			);
			defaultConfigurationIsVisible = 0;
			defaultConfigurationName = Release;
		};
		46A1FA0B291555F400EE64F8 /* Build configuration list for PBXNativeTarget "VisionKitDemoUITests" */ = {
			isa = XCConfigurationList;
			buildConfigurations = (
				46A1FA0C291555F400EE64F8 /* Debug */,
				46A1FA0D291555F400EE64F8 /* Release */,
			);
			defaultConfigurationIsVisible = 0;
			defaultConfigurationName = Release;
		};
/* End XCConfigurationList section */
	};
	rootObject = 46A1F9D3291555F200EE64F8 /* Project object */;
}
